# This file is automatically @generated by Poetry 1.8.3 and should not be changed by hand.

[[package]]
name = "ifaddr"
version = "0.2.0"
description = "Cross-platform network interface and IP address enumeration library"
optional = false
python-versions = "*"
files = [
    {file = "ifaddr-0.2.0-py3-none-any.whl", hash = "sha256:085e0305cfe6f16ab12d72e2024030f5d52674afad6911bb1eee207177b8a748"},
    {file = "ifaddr-0.2.0.tar.gz", hash = "sha256:cc0cbfcaabf765d44595825fb96a99bb12c79716b73b44330ea38ee2b0c4aed4"},
]

[metadata]
lock-version = "2.0"
python-versions = "^3.11"
content-hash = "42501099ef722260bb75e5f828d18ea1b599ca53604e9a2ea403746694eb6af2"
